{
  "name": "StromeX",
  "lockfileVersion": 3,
  "requires": true,
  "packages": {
    "": {
      "dependencies": {
        "animejs": "^4.1.1"
      }
    },
    "node_modules/animejs": {
      "version": "4.1.1",
      "resolved": "https://registry.npmjs.org/animejs/-/animejs-4.1.1.tgz",
      "integrity": "sha512-IQiV/Mxg5/ViKlRPGUYcZzj9Me6zQRTQQOTtNTXEEVY4VjeokGjGxpKjaBf7nO+q/kgaqC2HKfUlawGvvnrPwQ==",
      "license": "MIT"
    }
  }
}
